
Microsoft Visual Studio Solution File, Format Version 12.00
Project("{FAE04EC0-301F-11D3-BF4B-00C04F79EFBC}") = "Civ4.Toolkit.Core", "Civ4.Toolkit.Core\Civ4.Toolkit.Core.csproj", "{4C68E33B-2834-4D22-B143-9BE36C5E0E84}"
EndProject
Project("{FAE04EC0-301F-11D3-BF4B-00C04F79EFBC}") = "Civ4.Toolkit.Tests", "Civ4.Toolkit.Tests\Civ4.Toolkit.Tests.csproj", "{E67F2E28-4180-4FCC-98BB-1E38A32A744A}"
EndProject
Global
	GlobalSection(SolutionConfigurationPlatforms) = preSolution
		Debug|Any CPU = Debug|Any CPU
		Release|Any CPU = Release|Any CPU
	EndGlobalSection
	GlobalSection(ProjectConfigurationPlatforms) = postSolution
		{4C68E33B-2834-4D22-B143-9BE36C5E0E84}.Debug|Any CPU.ActiveCfg = Debug|Any CPU
		{4C68E33B-2834-4D22-B143-9BE36C5E0E84}.Debug|Any CPU.Build.0 = Debug|Any CPU
		{4C68E33B-2834-4D22-B143-9BE36C5E0E84}.Release|Any CPU.ActiveCfg = Release|Any CPU
		{4C68E33B-2834-4D22-B143-9BE36C5E0E84}.Release|Any CPU.Build.0 = Release|Any CPU
		{E67F2E28-4180-4FCC-98BB-1E38A32A744A}.Debug|Any CPU.ActiveCfg = Debug|Any CPU
		{E67F2E28-4180-4FCC-98BB-1E38A32A744A}.Debug|Any CPU.Build.0 = Debug|Any CPU
		{E67F2E28-4180-4FCC-98BB-1E38A32A744A}.Release|Any CPU.ActiveCfg = Release|Any CPU
		{E67F2E28-4180-4FCC-98BB-1E38A32A744A}.Release|Any CPU.Build.0 = Release|Any CPU
	EndGlobalSection
EndGlobal
